
Microsoft Visual Studio Solution File, Format Version 12.00
# Visual Studio Version 17
VisualStudioVersion = 17.1.32228.430
MinimumVisualStudioVersion = 10.0.40219.1
Project("{F2A71F9B-5D33-465A-A702-920D77279786}") = "AdventOfCode2021", "AdventOfCode2021\AdventOfCode2021.fsproj", "{AD4515A6-9561-4020-9A59-E733FF6AC410}"
EndProject
Global
	GlobalSection(SolutionConfigurationPlatforms) = preSolution
		Debug|Any CPU = Debug|Any CPU
		Release|Any CPU = Release|Any CPU
	EndGlobalSection
	GlobalSection(ProjectConfigurationPlatforms) = postSolution
		{AD4515A6-9561-4020-9A59-E733FF6AC410}.Debug|Any CPU.ActiveCfg = Debug|Any CPU
		{AD4515A6-9561-4020-9A59-E733FF6AC410}.Debug|Any CPU.Build.0 = Debug|Any CPU
		{AD4515A6-9561-4020-9A59-E733FF6AC410}.Release|Any CPU.ActiveCfg = Release|Any CPU
		{AD4515A6-9561-4020-9A59-E733FF6AC410}.Release|Any CPU.Build.0 = Release|Any CPU
	EndGlobalSection
	GlobalSection(SolutionProperties) = preSolution
		HideSolutionNode = FALSE
	EndGlobalSection
	GlobalSection(ExtensibilityGlobals) = postSolution
		SolutionGuid = {1DFFE488-F4A3-4FF6-9B2A-A8B615E65D85}
	EndGlobalSection
EndGlobal
